
Microsoft Visual Studio Solution File, Format Version 12.00
# Visual Studio Version 17
VisualStudioVersion = 17.0.31903.59
MinimumVisualStudioVersion = 10.0.40219.1
Project("{FAE04EC0-301F-11D3-BF4B-00C04F79EFBC}") = "makeitbob", "makeitbob\makeitbob.csproj", "{18BD199E-C274-4D35-A1DB-CB748E7E651C}"
EndProject
Project("{FAE04EC0-301F-11D3-BF4B-00C04F79EFBC}") = "animation", "animation\animation.csproj", "{DF77DFFD-9F63-4F26-9A12-0317F65DA8E3}"
EndProject
Project("{FAE04EC0-301F-11D3-BF4B-00C04F79EFBC}") = "origin", "origin\origin.csproj", "{F86DF356-5400-44E4-8780-FD78451BBFB6}"
EndProject
Project("{FAE04EC0-301F-11D3-BF4B-00C04F79EFBC}") = "customcursor", "customcursor\customcursor.csproj", "{85ED9CF3-6D08-48C7-9B89-C41AE277EFC0}"
EndProject
Project("{FAE04EC0-301F-11D3-BF4B-00C04F79EFBC}") = "buttons", "buttons\buttons.csproj", "{6973DFAC-3032-484A-9823-83CE7ECFA7A2}"
EndProject
Global
	GlobalSection(SolutionConfigurationPlatforms) = preSolution
		Debug|Any CPU = Debug|Any CPU
		Release|Any CPU = Release|Any CPU
	EndGlobalSection
	GlobalSection(SolutionProperties) = preSolution
		HideSolutionNode = FALSE
	EndGlobalSection
	GlobalSection(ProjectConfigurationPlatforms) = postSolution
		{18BD199E-C274-4D35-A1DB-CB748E7E651C}.Debug|Any CPU.ActiveCfg = Debug|Any CPU
		{18BD199E-C274-4D35-A1DB-CB748E7E651C}.Debug|Any CPU.Build.0 = Debug|Any CPU
		{18BD199E-C274-4D35-A1DB-CB748E7E651C}.Release|Any CPU.ActiveCfg = Release|Any CPU
		{18BD199E-C274-4D35-A1DB-CB748E7E651C}.Release|Any CPU.Build.0 = Release|Any CPU
		{DF77DFFD-9F63-4F26-9A12-0317F65DA8E3}.Debug|Any CPU.ActiveCfg = Debug|Any CPU
		{DF77DFFD-9F63-4F26-9A12-0317F65DA8E3}.Debug|Any CPU.Build.0 = Debug|Any CPU
		{DF77DFFD-9F63-4F26-9A12-0317F65DA8E3}.Release|Any CPU.ActiveCfg = Release|Any CPU
		{DF77DFFD-9F63-4F26-9A12-0317F65DA8E3}.Release|Any CPU.Build.0 = Release|Any CPU
		{F86DF356-5400-44E4-8780-FD78451BBFB6}.Debug|Any CPU.ActiveCfg = Debug|Any CPU
		{F86DF356-5400-44E4-8780-FD78451BBFB6}.Debug|Any CPU.Build.0 = Debug|Any CPU
		{F86DF356-5400-44E4-8780-FD78451BBFB6}.Release|Any CPU.ActiveCfg = Release|Any CPU
		{F86DF356-5400-44E4-8780-FD78451BBFB6}.Release|Any CPU.Build.0 = Release|Any CPU
		{85ED9CF3-6D08-48C7-9B89-C41AE277EFC0}.Debug|Any CPU.ActiveCfg = Debug|Any CPU
		{85ED9CF3-6D08-48C7-9B89-C41AE277EFC0}.Debug|Any CPU.Build.0 = Debug|Any CPU
		{85ED9CF3-6D08-48C7-9B89-C41AE277EFC0}.Release|Any CPU.ActiveCfg = Release|Any CPU
		{85ED9CF3-6D08-48C7-9B89-C41AE277EFC0}.Release|Any CPU.Build.0 = Release|Any CPU
		{6973DFAC-3032-484A-9823-83CE7ECFA7A2}.Debug|Any CPU.ActiveCfg = Debug|Any CPU
		{6973DFAC-3032-484A-9823-83CE7ECFA7A2}.Debug|Any CPU.Build.0 = Debug|Any CPU
		{6973DFAC-3032-484A-9823-83CE7ECFA7A2}.Release|Any CPU.ActiveCfg = Release|Any CPU
		{6973DFAC-3032-484A-9823-83CE7ECFA7A2}.Release|Any CPU.Build.0 = Release|Any CPU
	EndGlobalSection
EndGlobal
