
Microsoft Visual Studio Solution File, Format Version 12.00
# Visual Studio Version 17
VisualStudioVersion = 17.0.31903.59
MinimumVisualStudioVersion = 10.0.40219.1
Project("{FAE04EC0-301F-11D3-BF4B-00C04F79EFBC}") = "makeitbob", "makeitbob\makeitbob.csproj", "{18BD199E-C274-4D35-A1DB-CB748E7E651C}"
EndProject
Project("{FAE04EC0-301F-11D3-BF4B-00C04F79EFBC}") = "animation", "animation\animation.csproj", "{DF77DFFD-9F63-4F26-9A12-0317F65DA8E3}"
EndProject
Project("{FAE04EC0-301F-11D3-BF4B-00C04F79EFBC}") = "origin", "origin\origin.csproj", "{F86DF356-5400-44E4-8780-FD78451BBFB6}"
EndProject
Project("{FAE04EC0-301F-11D3-BF4B-00C04F79EFBC}") = "customcursor", "customcursor\customcursor.csproj", "{85ED9CF3-6D08-48C7-9B89-C41AE277EFC0}"
EndProject
Project("{FAE04EC0-301F-11D3-BF4B-00C04F79EFBC}") = "buttons", "buttons\buttons.csproj", "{6973DFAC-3032-484A-9823-83CE7ECFA7A2}"
EndProject
Project("{FAE04EC0-301F-11D3-BF4B-00C04F79EFBC}") = "tilesheetsf", "tilesheetsf\tilesheetsf.csproj", "{332E3D14-15BA-4701-9EFD-F366023C6BC0}"
EndProject
Project("{FAE04EC0-301F-11D3-BF4B-00C04F79EFBC}") = "lookatmouse", "lookatmouse\lookatmouse.csproj", "{6EC84CAB-EF5B-4CEE-A41C-D7DE777D6269}"
EndProject
Project("{FAE04EC0-301F-11D3-BF4B-00C04F79EFBC}") = "lightmask", "lightmask\lightmask.csproj", "{4FF3922C-4FB3-4FDA-B232-48A3C0DDC37D}"
EndProject
Project("{FAE04EC0-301F-11D3-BF4B-00C04F79EFBC}") = "collision", "collision\collision.csproj", "{2834CA97-A94E-492F-B1EA-5A6421A17312}"
EndProject
Project("{FAE04EC0-301F-11D3-BF4B-00C04F79EFBC}") = "slice9", "slice9\slice9.csproj", "{80B38B14-17BC-435A-B534-EF2D4CD4DA32}"
EndProject
Project("{FAE04EC0-301F-11D3-BF4B-00C04F79EFBC}") = "font", "font\font.csproj", "{4A309292-BCEC-435A-BF42-D4835B8B4ED6}"
EndProject
Project("{FAE04EC0-301F-11D3-BF4B-00C04F79EFBC}") = "resizematrix", "resizematrix\resizematrix.csproj", "{6256DF5C-65B9-4164-89F4-C3557F40832E}"
EndProject
Project("{FAE04EC0-301F-11D3-BF4B-00C04F79EFBC}") = "resizert", "resizert\resizert.csproj", "{CF6357C0-0CE6-462B-BF8B-179DF70B2B67}"
EndProject
Project("{FAE04EC0-301F-11D3-BF4B-00C04F79EFBC}") = "platformplayer", "platformplayer\platformplayer.csproj", "{C728B89A-B8C3-4E69-AC0E-88779C645BB8}"
EndProject
Project("{FAE04EC0-301F-11D3-BF4B-00C04F79EFBC}") = "shader", "shader\shader.csproj", "{0C64C9D2-79D2-4A68-A375-22D0B380CF21}"
EndProject
Project("{FAE04EC0-301F-11D3-BF4B-00C04F79EFBC}") = "scene", "scene\scene.csproj", "{4703E54B-C295-43A8-8CED-7E1B3F784D42}"
EndProject
Project("{FAE04EC0-301F-11D3-BF4B-00C04F79EFBC}") = "camera", "camera\camera.csproj", "{F3EAE588-23DB-492E-A354-9250F40D76A6}"
EndProject
Project("{FAE04EC0-301F-11D3-BF4B-00C04F79EFBC}") = "ecs", "ecs\ecs.csproj", "{555E8495-FE91-43E7-A510-1570BF6A13B4}"
EndProject
Project("{FAE04EC0-301F-11D3-BF4B-00C04F79EFBC}") = "TestProject1", "TestProject1\TestProject1.csproj", "{4BA1B076-D48D-4107-B9E7-8E8B185C3EA3}"
EndProject
Global
	GlobalSection(SolutionConfigurationPlatforms) = preSolution
		Debug|Any CPU = Debug|Any CPU
		Release|Any CPU = Release|Any CPU
	EndGlobalSection
	GlobalSection(SolutionProperties) = preSolution
		HideSolutionNode = FALSE
	EndGlobalSection
	GlobalSection(ProjectConfigurationPlatforms) = postSolution
		{18BD199E-C274-4D35-A1DB-CB748E7E651C}.Debug|Any CPU.ActiveCfg = Debug|Any CPU
		{18BD199E-C274-4D35-A1DB-CB748E7E651C}.Debug|Any CPU.Build.0 = Debug|Any CPU
		{18BD199E-C274-4D35-A1DB-CB748E7E651C}.Release|Any CPU.ActiveCfg = Release|Any CPU
		{18BD199E-C274-4D35-A1DB-CB748E7E651C}.Release|Any CPU.Build.0 = Release|Any CPU
		{DF77DFFD-9F63-4F26-9A12-0317F65DA8E3}.Debug|Any CPU.ActiveCfg = Debug|Any CPU
		{DF77DFFD-9F63-4F26-9A12-0317F65DA8E3}.Debug|Any CPU.Build.0 = Debug|Any CPU
		{DF77DFFD-9F63-4F26-9A12-0317F65DA8E3}.Release|Any CPU.ActiveCfg = Release|Any CPU
		{DF77DFFD-9F63-4F26-9A12-0317F65DA8E3}.Release|Any CPU.Build.0 = Release|Any CPU
		{F86DF356-5400-44E4-8780-FD78451BBFB6}.Debug|Any CPU.ActiveCfg = Debug|Any CPU
		{F86DF356-5400-44E4-8780-FD78451BBFB6}.Debug|Any CPU.Build.0 = Debug|Any CPU
		{F86DF356-5400-44E4-8780-FD78451BBFB6}.Release|Any CPU.ActiveCfg = Release|Any CPU
		{F86DF356-5400-44E4-8780-FD78451BBFB6}.Release|Any CPU.Build.0 = Release|Any CPU
		{85ED9CF3-6D08-48C7-9B89-C41AE277EFC0}.Debug|Any CPU.ActiveCfg = Debug|Any CPU
		{85ED9CF3-6D08-48C7-9B89-C41AE277EFC0}.Debug|Any CPU.Build.0 = Debug|Any CPU
		{85ED9CF3-6D08-48C7-9B89-C41AE277EFC0}.Release|Any CPU.ActiveCfg = Release|Any CPU
		{85ED9CF3-6D08-48C7-9B89-C41AE277EFC0}.Release|Any CPU.Build.0 = Release|Any CPU
		{6973DFAC-3032-484A-9823-83CE7ECFA7A2}.Debug|Any CPU.ActiveCfg = Debug|Any CPU
		{6973DFAC-3032-484A-9823-83CE7ECFA7A2}.Debug|Any CPU.Build.0 = Debug|Any CPU
		{6973DFAC-3032-484A-9823-83CE7ECFA7A2}.Release|Any CPU.ActiveCfg = Release|Any CPU
		{6973DFAC-3032-484A-9823-83CE7ECFA7A2}.Release|Any CPU.Build.0 = Release|Any CPU
		{332E3D14-15BA-4701-9EFD-F366023C6BC0}.Debug|Any CPU.ActiveCfg = Debug|Any CPU
		{332E3D14-15BA-4701-9EFD-F366023C6BC0}.Debug|Any CPU.Build.0 = Debug|Any CPU
		{332E3D14-15BA-4701-9EFD-F366023C6BC0}.Release|Any CPU.ActiveCfg = Release|Any CPU
		{332E3D14-15BA-4701-9EFD-F366023C6BC0}.Release|Any CPU.Build.0 = Release|Any CPU
		{6EC84CAB-EF5B-4CEE-A41C-D7DE777D6269}.Debug|Any CPU.ActiveCfg = Debug|Any CPU
		{6EC84CAB-EF5B-4CEE-A41C-D7DE777D6269}.Debug|Any CPU.Build.0 = Debug|Any CPU
		{6EC84CAB-EF5B-4CEE-A41C-D7DE777D6269}.Release|Any CPU.ActiveCfg = Release|Any CPU
		{6EC84CAB-EF5B-4CEE-A41C-D7DE777D6269}.Release|Any CPU.Build.0 = Release|Any CPU
		{4FF3922C-4FB3-4FDA-B232-48A3C0DDC37D}.Debug|Any CPU.ActiveCfg = Debug|Any CPU
		{4FF3922C-4FB3-4FDA-B232-48A3C0DDC37D}.Debug|Any CPU.Build.0 = Debug|Any CPU
		{4FF3922C-4FB3-4FDA-B232-48A3C0DDC37D}.Release|Any CPU.ActiveCfg = Release|Any CPU
		{4FF3922C-4FB3-4FDA-B232-48A3C0DDC37D}.Release|Any CPU.Build.0 = Release|Any CPU
		{2834CA97-A94E-492F-B1EA-5A6421A17312}.Debug|Any CPU.ActiveCfg = Debug|Any CPU
		{2834CA97-A94E-492F-B1EA-5A6421A17312}.Debug|Any CPU.Build.0 = Debug|Any CPU
		{2834CA97-A94E-492F-B1EA-5A6421A17312}.Release|Any CPU.ActiveCfg = Release|Any CPU
		{2834CA97-A94E-492F-B1EA-5A6421A17312}.Release|Any CPU.Build.0 = Release|Any CPU
		{80B38B14-17BC-435A-B534-EF2D4CD4DA32}.Debug|Any CPU.ActiveCfg = Debug|Any CPU
		{80B38B14-17BC-435A-B534-EF2D4CD4DA32}.Debug|Any CPU.Build.0 = Debug|Any CPU
		{80B38B14-17BC-435A-B534-EF2D4CD4DA32}.Release|Any CPU.ActiveCfg = Release|Any CPU
		{80B38B14-17BC-435A-B534-EF2D4CD4DA32}.Release|Any CPU.Build.0 = Release|Any CPU
		{4A309292-BCEC-435A-BF42-D4835B8B4ED6}.Debug|Any CPU.ActiveCfg = Debug|Any CPU
		{4A309292-BCEC-435A-BF42-D4835B8B4ED6}.Debug|Any CPU.Build.0 = Debug|Any CPU
		{4A309292-BCEC-435A-BF42-D4835B8B4ED6}.Release|Any CPU.ActiveCfg = Release|Any CPU
		{4A309292-BCEC-435A-BF42-D4835B8B4ED6}.Release|Any CPU.Build.0 = Release|Any CPU
		{6256DF5C-65B9-4164-89F4-C3557F40832E}.Debug|Any CPU.ActiveCfg = Debug|Any CPU
		{6256DF5C-65B9-4164-89F4-C3557F40832E}.Debug|Any CPU.Build.0 = Debug|Any CPU
		{6256DF5C-65B9-4164-89F4-C3557F40832E}.Release|Any CPU.ActiveCfg = Release|Any CPU
		{6256DF5C-65B9-4164-89F4-C3557F40832E}.Release|Any CPU.Build.0 = Release|Any CPU
		{CF6357C0-0CE6-462B-BF8B-179DF70B2B67}.Debug|Any CPU.ActiveCfg = Debug|Any CPU
		{CF6357C0-0CE6-462B-BF8B-179DF70B2B67}.Debug|Any CPU.Build.0 = Debug|Any CPU
		{CF6357C0-0CE6-462B-BF8B-179DF70B2B67}.Release|Any CPU.ActiveCfg = Release|Any CPU
		{CF6357C0-0CE6-462B-BF8B-179DF70B2B67}.Release|Any CPU.Build.0 = Release|Any CPU
		{C728B89A-B8C3-4E69-AC0E-88779C645BB8}.Debug|Any CPU.ActiveCfg = Debug|Any CPU
		{C728B89A-B8C3-4E69-AC0E-88779C645BB8}.Debug|Any CPU.Build.0 = Debug|Any CPU
		{C728B89A-B8C3-4E69-AC0E-88779C645BB8}.Release|Any CPU.ActiveCfg = Release|Any CPU
		{C728B89A-B8C3-4E69-AC0E-88779C645BB8}.Release|Any CPU.Build.0 = Release|Any CPU
		{0C64C9D2-79D2-4A68-A375-22D0B380CF21}.Debug|Any CPU.ActiveCfg = Debug|Any CPU
		{0C64C9D2-79D2-4A68-A375-22D0B380CF21}.Debug|Any CPU.Build.0 = Debug|Any CPU
		{0C64C9D2-79D2-4A68-A375-22D0B380CF21}.Release|Any CPU.ActiveCfg = Release|Any CPU
		{0C64C9D2-79D2-4A68-A375-22D0B380CF21}.Release|Any CPU.Build.0 = Release|Any CPU
		{4703E54B-C295-43A8-8CED-7E1B3F784D42}.Debug|Any CPU.ActiveCfg = Debug|Any CPU
		{4703E54B-C295-43A8-8CED-7E1B3F784D42}.Debug|Any CPU.Build.0 = Debug|Any CPU
		{4703E54B-C295-43A8-8CED-7E1B3F784D42}.Release|Any CPU.ActiveCfg = Release|Any CPU
		{4703E54B-C295-43A8-8CED-7E1B3F784D42}.Release|Any CPU.Build.0 = Release|Any CPU
		{F3EAE588-23DB-492E-A354-9250F40D76A6}.Debug|Any CPU.ActiveCfg = Debug|Any CPU
		{F3EAE588-23DB-492E-A354-9250F40D76A6}.Debug|Any CPU.Build.0 = Debug|Any CPU
		{F3EAE588-23DB-492E-A354-9250F40D76A6}.Release|Any CPU.ActiveCfg = Release|Any CPU
		{F3EAE588-23DB-492E-A354-9250F40D76A6}.Release|Any CPU.Build.0 = Release|Any CPU
		{555E8495-FE91-43E7-A510-1570BF6A13B4}.Debug|Any CPU.ActiveCfg = Debug|Any CPU
		{555E8495-FE91-43E7-A510-1570BF6A13B4}.Debug|Any CPU.Build.0 = Debug|Any CPU
		{555E8495-FE91-43E7-A510-1570BF6A13B4}.Release|Any CPU.ActiveCfg = Release|Any CPU
		{555E8495-FE91-43E7-A510-1570BF6A13B4}.Release|Any CPU.Build.0 = Release|Any CPU
		{4BA1B076-D48D-4107-B9E7-8E8B185C3EA3}.Debug|Any CPU.ActiveCfg = Debug|Any CPU
		{4BA1B076-D48D-4107-B9E7-8E8B185C3EA3}.Debug|Any CPU.Build.0 = Debug|Any CPU
		{4BA1B076-D48D-4107-B9E7-8E8B185C3EA3}.Release|Any CPU.ActiveCfg = Release|Any CPU
		{4BA1B076-D48D-4107-B9E7-8E8B185C3EA3}.Release|Any CPU.Build.0 = Release|Any CPU
	EndGlobalSection
EndGlobal
